
Microsoft Visual Studio Solution File, Format Version 12.00
# Visual Studio Version 17
VisualStudioVersion = 17.6.33801.468
MinimumVisualStudioVersion = 10.0.40219.1
Project("{9A19103F-16F7-4668-BE54-9A1E7A4F7556}") = "MVCRealEstate", "MVCRealEstate\MVCRealEstate.csproj", "{03C585A9-C24A-495A-A27B-079D93BBA379}"
EndProject
Project("{FAE04EC0-301F-11D3-BF4B-00C04F79EFBC}") = "MVCRealEstateData", "MVCRealEstateData\MVCRealEstateData.csproj", "{02A40424-4629-439B-8B0D-C599B294C7AE}"
EndProject
Global
	GlobalSection(SolutionConfigurationPlatforms) = preSolution
		Debug|Any CPU = Debug|Any CPU
		Release|Any CPU = Release|Any CPU
	EndGlobalSection
	GlobalSection(ProjectConfigurationPlatforms) = postSolution
		{03C585A9-C24A-495A-A27B-079D93BBA379}.Debug|Any CPU.ActiveCfg = Debug|Any CPU
		{03C585A9-C24A-495A-A27B-079D93BBA379}.Debug|Any CPU.Build.0 = Debug|Any CPU
		{03C585A9-C24A-495A-A27B-079D93BBA379}.Release|Any CPU.ActiveCfg = Release|Any CPU
		{03C585A9-C24A-495A-A27B-079D93BBA379}.Release|Any CPU.Build.0 = Release|Any CPU
		{02A40424-4629-439B-8B0D-C599B294C7AE}.Debug|Any CPU.ActiveCfg = Debug|Any CPU
		{02A40424-4629-439B-8B0D-C599B294C7AE}.Debug|Any CPU.Build.0 = Debug|Any CPU
		{02A40424-4629-439B-8B0D-C599B294C7AE}.Release|Any CPU.ActiveCfg = Release|Any CPU
		{02A40424-4629-439B-8B0D-C599B294C7AE}.Release|Any CPU.Build.0 = Release|Any CPU
	EndGlobalSection
	GlobalSection(SolutionProperties) = preSolution
		HideSolutionNode = FALSE
	EndGlobalSection
	GlobalSection(ExtensibilityGlobals) = postSolution
		SolutionGuid = {A6D89B7E-DABF-494C-9E71-B44B0267A499}
	EndGlobalSection
EndGlobal
